
Microsoft Visual Studio Solution File, Format Version 12.00
Project("{FAE04EC0-301F-11D3-BF4B-00C04F79EFBC}") = "PtmkTest", "PtmkTest\PtmkTest.csproj", "{17A9E2D6-97B7-4CBC-AA2A-C977582E88DA}"
EndProject
Global
	GlobalSection(SolutionConfigurationPlatforms) = preSolution
		Debug|Any CPU = Debug|Any CPU
		Release|Any CPU = Release|Any CPU
	EndGlobalSection
	GlobalSection(ProjectConfigurationPlatforms) = postSolution
		{17A9E2D6-97B7-4CBC-AA2A-C977582E88DA}.Debug|Any CPU.ActiveCfg = Debug|Any CPU
		{17A9E2D6-97B7-4CBC-AA2A-C977582E88DA}.Debug|Any CPU.Build.0 = Debug|Any CPU
		{17A9E2D6-97B7-4CBC-AA2A-C977582E88DA}.Release|Any CPU.ActiveCfg = Release|Any CPU
		{17A9E2D6-97B7-4CBC-AA2A-C977582E88DA}.Release|Any CPU.Build.0 = Release|Any CPU
	EndGlobalSection
EndGlobal
